
Microsoft Visual Studio Solution File, Format Version 12.00
# Visual Studio 15
VisualStudioVersion = 15.0.28307.1169
MinimumVisualStudioVersion = 10.0.40219.1
Project("{FAE04EC0-301F-11D3-BF4B-00C04F79EFBC}") = "Evolution", "Evolution\Evolution.csproj", "{4FBF5A43-7530-4FB6-82AA-6EA2DBF67862}"
EndProject
Global
	GlobalSection(SolutionConfigurationPlatforms) = preSolution
		Debug|Any CPU = Debug|Any CPU
		Debug|x64 = Debug|x64
		Release|Any CPU = Release|Any CPU
		Release|x64 = Release|x64
	EndGlobalSection
	GlobalSection(ProjectConfigurationPlatforms) = postSolution
		{4FBF5A43-7530-4FB6-82AA-6EA2DBF67862}.Debug|Any CPU.ActiveCfg = Debug|Any CPU
		{4FBF5A43-7530-4FB6-82AA-6EA2DBF67862}.Debug|Any CPU.Build.0 = Debug|Any CPU
		{4FBF5A43-7530-4FB6-82AA-6EA2DBF67862}.Debug|x64.ActiveCfg = Debug|Any CPU
		{4FBF5A43-7530-4FB6-82AA-6EA2DBF67862}.Debug|x64.Build.0 = Debug|Any CPU
		{4FBF5A43-7530-4FB6-82AA-6EA2DBF67862}.Release|Any CPU.ActiveCfg = Release|Any CPU
		{4FBF5A43-7530-4FB6-82AA-6EA2DBF67862}.Release|Any CPU.Build.0 = Release|Any CPU
		{4FBF5A43-7530-4FB6-82AA-6EA2DBF67862}.Release|x64.ActiveCfg = Debug|Any CPU
		{4FBF5A43-7530-4FB6-82AA-6EA2DBF67862}.Release|x64.Build.0 = Debug|Any CPU
	EndGlobalSection
	GlobalSection(SolutionProperties) = preSolution
		HideSolutionNode = FALSE
	EndGlobalSection
	GlobalSection(ExtensibilityGlobals) = postSolution
		SolutionGuid = {C46823F3-8341-4880-85CF-AAF1D36C881D}
	EndGlobalSection
EndGlobal
